// !$*UTF8*$!
{
	archiveVersion = 1;
	classes = {
	};
	objectVersion = 56;
	objects = {

/* Begin PBXBuildFile section */
		A62E8F132BD288DA00B9DCE1 /* MainApp.swift in Sources */ = {isa = PBXBuildFile; fileRef = A62E8F122BD288DA00B9DCE1 /* MainApp.swift */; };
		A62E8F172BD290AD00B9DCE1 /* Arcade.swift in Sources */ = {isa = PBXBuildFile; fileRef = A62E8F162BD290AD00B9DCE1 /* Arcade.swift */; };
		A62E8F192BD290CA00B9DCE1 /* Location.swift in Sources */ = {isa = PBXBuildFile; fileRef = A62E8F182BD290CA00B9DCE1 /* Location.swift */; };
		A62E8F1B2BD291CE00B9DCE1 /* Game.swift in Sources */ = {isa = PBXBuildFile; fileRef = A62E8F1A2BD291CE00B9DCE1 /* Game.swift */; };
		A62E8F1E2BD2934100B9DCE1 /* Alamofire in Frameworks */ = {isa = PBXBuildFile; productRef = A62E8F1D2BD2934100B9DCE1 /* Alamofire */; };
		A62E8F202BD2935900B9DCE1 /* ArcadeRepository.swift in Sources */ = {isa = PBXBuildFile; fileRef = A62E8F1F2BD2935900B9DCE1 /* ArcadeRepository.swift */; };
		A62E8F232BD293C900B9DCE1 /* OtogeAppArcadeRepository.swift in Sources */ = {isa = PBXBuildFile; fileRef = A62E8F222BD293C900B9DCE1 /* OtogeAppArcadeRepository.swift */; };
		A62E8F262BD296B300B9DCE1 /* OtogeArcade.swift in Sources */ = {isa = PBXBuildFile; fileRef = A62E8F252BD296B300B9DCE1 /* OtogeArcade.swift */; };
		A62E8F282BD2975600B9DCE1 /* OtogeCabinet.swift in Sources */ = {isa = PBXBuildFile; fileRef = A62E8F272BD2975600B9DCE1 /* OtogeCabinet.swift */; };
		A62E8F2A2BD2978C00B9DCE1 /* ArcadeBrand.swift in Sources */ = {isa = PBXBuildFile; fileRef = A62E8F292BD2978C00B9DCE1 /* ArcadeBrand.swift */; };
		A67CD0C62BD28432009E4C8E /* Assets.xcassets in Resources */ = {isa = PBXBuildFile; fileRef = A67CD0C52BD28432009E4C8E /* Assets.xcassets */; };
		A67CD0CA2BD28432009E4C8E /* Preview Assets.xcassets in Resources */ = {isa = PBXBuildFile; fileRef = A67CD0C92BD28432009E4C8E /* Preview Assets.xcassets */; };
		A67CD0D42BD28432009E4C8E /* OtogeTests.swift in Sources */ = {isa = PBXBuildFile; fileRef = A67CD0D32BD28432009E4C8E /* OtogeTests.swift */; };
		A67CD0DE2BD28432009E4C8E /* OtogeUITests.swift in Sources */ = {isa = PBXBuildFile; fileRef = A67CD0DD2BD28432009E4C8E /* OtogeUITests.swift */; };
		A67CD0E02BD28432009E4C8E /* OtogeUITestsLaunchTests.swift in Sources */ = {isa = PBXBuildFile; fileRef = A67CD0DF2BD28432009E4C8E /* OtogeUITestsLaunchTests.swift */; };
		A67CD0EE2BD2855D009E4C8E /* ComposableArchitecture in Frameworks */ = {isa = PBXBuildFile; productRef = A67CD0ED2BD2855D009E4C8E /* ComposableArchitecture */; };
		A67CD0F22BD28611009E4C8E /* HomeScreen.swift in Sources */ = {isa = PBXBuildFile; fileRef = A67CD0F12BD28611009E4C8E /* HomeScreen.swift */; };
		A67CD0F42BD28618009E4C8E /* HomeFeature.swift in Sources */ = {isa = PBXBuildFile; fileRef = A67CD0F32BD28618009E4C8E /* HomeFeature.swift */; };
		A6A5BB192BD2B59A002B6970 /* ArcadeDetailFeature.swift in Sources */ = {isa = PBXBuildFile; fileRef = A6A5BB182BD2B59A002B6970 /* ArcadeDetailFeature.swift */; };
		A6A5BB1D2BD2B68B002B6970 /* ArcadeDetailScreen.swift in Sources */ = {isa = PBXBuildFile; fileRef = A6A5BB1C2BD2B68B002B6970 /* ArcadeDetailScreen.swift */; };
		A6A5BB202BD2CC09002B6970 /* ArcadeGameCell.swift in Sources */ = {isa = PBXBuildFile; fileRef = A6A5BB1F2BD2CC09002B6970 /* ArcadeGameCell.swift */; };
		A6A5BB242BD2E18F002B6970 /* ComposableCoreLocation in Frameworks */ = {isa = PBXBuildFile; productRef = A6A5BB232BD2E18F002B6970 /* ComposableCoreLocation */; };
		A6A5BB272BD2F8C9002B6970 /* SearchFeature.swift in Sources */ = {isa = PBXBuildFile; fileRef = A6A5BB262BD2F8C9002B6970 /* SearchFeature.swift */; };
		A6A5BB2B2BD2F933002B6970 /* SearchScreen.swift in Sources */ = {isa = PBXBuildFile; fileRef = A6A5BB2A2BD2F933002B6970 /* SearchScreen.swift */; };
		A6A5BB2E2BD32C7D002B6970 /* SearchResultScreen.swift in Sources */ = {isa = PBXBuildFile; fileRef = A6A5BB2D2BD32C7D002B6970 /* SearchResultScreen.swift */; };
		A6A5BB302BD32C84002B6970 /* SearchResultFeature.swift in Sources */ = {isa = PBXBuildFile; fileRef = A6A5BB2F2BD32C84002B6970 /* SearchResultFeature.swift */; };
		A6A5BB332BD38E54002B6970 /* LocalSearchRepository.swift in Sources */ = {isa = PBXBuildFile; fileRef = A6A5BB322BD38E54002B6970 /* LocalSearchRepository.swift */; };
		A6A5BB352BD3948E002B6970 /* Dependencies.swift in Sources */ = {isa = PBXBuildFile; fileRef = A6A5BB342BD3948E002B6970 /* Dependencies.swift */; };
		A6A5BB3A2BD3B997002B6970 /* ArcadeCell.swift in Sources */ = {isa = PBXBuildFile; fileRef = A6A5BB392BD3B997002B6970 /* ArcadeCell.swift */; };
		A6A5BB3F2BD43877002B6970 /* Nabla.ttf in Resources */ = {isa = PBXBuildFile; fileRef = A6A5BB3E2BD43877002B6970 /* Nabla.ttf */; };
/* End PBXBuildFile section */

/* Begin PBXContainerItemProxy section */
		A67CD0D02BD28432009E4C8E /* PBXContainerItemProxy */ = {
			isa = PBXContainerItemProxy;
			containerPortal = A67CD0B62BD28430009E4C8E /* Project object */;
			proxyType = 1;
			remoteGlobalIDString = A67CD0BD2BD28430009E4C8E;
			remoteInfo = otoge;
		};
		A67CD0DA2BD28432009E4C8E /* PBXContainerItemProxy */ = {
			isa = PBXContainerItemProxy;
			containerPortal = A67CD0B62BD28430009E4C8E /* Project object */;
			proxyType = 1;
			remoteGlobalIDString = A67CD0BD2BD28430009E4C8E;
			remoteInfo = otoge;
		};
/* End PBXContainerItemProxy section */

/* Begin PBXFileReference section */
		A62E8F122BD288DA00B9DCE1 /* MainApp.swift */ = {isa = PBXFileReference; lastKnownFileType = sourcecode.swift; name = MainApp.swift; path = Otoge/MainApp.swift; sourceTree = SOURCE_ROOT; };
		A62E8F162BD290AD00B9DCE1 /* Arcade.swift */ = {isa = PBXFileReference; lastKnownFileType = sourcecode.swift; name = Arcade.swift; path = Otoge/Entities/Arcade.swift; sourceTree = SOURCE_ROOT; };
		A62E8F182BD290CA00B9DCE1 /* Location.swift */ = {isa = PBXFileReference; lastKnownFileType = sourcecode.swift; name = Location.swift; path = Otoge/Entities/Location.swift; sourceTree = SOURCE_ROOT; };
		A62E8F1A2BD291CE00B9DCE1 /* Game.swift */ = {isa = PBXFileReference; lastKnownFileType = sourcecode.swift; name = Game.swift; path = Otoge/Entities/Game.swift; sourceTree = SOURCE_ROOT; };
		A62E8F1F2BD2935900B9DCE1 /* ArcadeRepository.swift */ = {isa = PBXFileReference; lastKnownFileType = sourcecode.swift; name = ArcadeRepository.swift; path = otoge/Repositories/Arcade/ArcadeRepository.swift; sourceTree = SOURCE_ROOT; };
		A62E8F222BD293C900B9DCE1 /* OtogeAppArcadeRepository.swift */ = {isa = PBXFileReference; lastKnownFileType = sourcecode.swift; name = OtogeAppArcadeRepository.swift; path = Otoge/Repositories/Arcade/OtogeAppArcadeRepository.swift; sourceTree = SOURCE_ROOT; };
		A62E8F252BD296B300B9DCE1 /* OtogeArcade.swift */ = {isa = PBXFileReference; lastKnownFileType = sourcecode.swift; name = OtogeArcade.swift; path = Otoge/Repositories/Arcade/Models/OtogeArcade.swift; sourceTree = SOURCE_ROOT; };
		A62E8F272BD2975600B9DCE1 /* OtogeCabinet.swift */ = {isa = PBXFileReference; lastKnownFileType = sourcecode.swift; name = OtogeCabinet.swift; path = Otoge/Repositories/Arcade/Models/OtogeCabinet.swift; sourceTree = SOURCE_ROOT; };
		A62E8F292BD2978C00B9DCE1 /* ArcadeBrand.swift */ = {isa = PBXFileReference; lastKnownFileType = sourcecode.swift; name = ArcadeBrand.swift; path = Otoge/Entities/ArcadeBrand.swift; sourceTree = SOURCE_ROOT; };
		A67CD0BE2BD28430009E4C8E /* Otoge.app */ = {isa = PBXFileReference; explicitFileType = wrapper.application; includeInIndex = 0; path = Otoge.app; sourceTree = BUILT_PRODUCTS_DIR; };
		A67CD0C52BD28432009E4C8E /* Assets.xcassets */ = {isa = PBXFileReference; lastKnownFileType = folder.assetcatalog; path = Assets.xcassets; sourceTree = "<group>"; };
		A67CD0C72BD28432009E4C8E /* otoge.entitlements */ = {isa = PBXFileReference; lastKnownFileType = text.plist.entitlements; path = otoge.entitlements; sourceTree = "<group>"; };
		A67CD0C92BD28432009E4C8E /* Preview Assets.xcassets */ = {isa = PBXFileReference; lastKnownFileType = folder.assetcatalog; path = "Preview Assets.xcassets"; sourceTree = "<group>"; };
		A67CD0CF2BD28432009E4C8E /* OtogeTests.xctest */ = {isa = PBXFileReference; explicitFileType = wrapper.cfbundle; includeInIndex = 0; path = OtogeTests.xctest; sourceTree = BUILT_PRODUCTS_DIR; };
		A67CD0D32BD28432009E4C8E /* OtogeTests.swift */ = {isa = PBXFileReference; lastKnownFileType = sourcecode.swift; path = OtogeTests.swift; sourceTree = "<group>"; };
		A67CD0D92BD28432009E4C8E /* OtogeUITests.xctest */ = {isa = PBXFileReference; explicitFileType = wrapper.cfbundle; includeInIndex = 0; path = OtogeUITests.xctest; sourceTree = BUILT_PRODUCTS_DIR; };
		A67CD0DD2BD28432009E4C8E /* OtogeUITests.swift */ = {isa = PBXFileReference; lastKnownFileType = sourcecode.swift; path = OtogeUITests.swift; sourceTree = "<group>"; };
		A67CD0DF2BD28432009E4C8E /* OtogeUITestsLaunchTests.swift */ = {isa = PBXFileReference; lastKnownFileType = sourcecode.swift; path = OtogeUITestsLaunchTests.swift; sourceTree = "<group>"; };
		A67CD0F12BD28611009E4C8E /* HomeScreen.swift */ = {isa = PBXFileReference; lastKnownFileType = sourcecode.swift; path = HomeScreen.swift; sourceTree = "<group>"; };
		A67CD0F32BD28618009E4C8E /* HomeFeature.swift */ = {isa = PBXFileReference; lastKnownFileType = sourcecode.swift; path = HomeFeature.swift; sourceTree = "<group>"; };
		A6A5BB182BD2B59A002B6970 /* ArcadeDetailFeature.swift */ = {isa = PBXFileReference; lastKnownFileType = sourcecode.swift; name = ArcadeDetailFeature.swift; path = Otoge/Features/ArcadeDetail/ArcadeDetailFeature.swift; sourceTree = SOURCE_ROOT; };
		A6A5BB1C2BD2B68B002B6970 /* ArcadeDetailScreen.swift */ = {isa = PBXFileReference; lastKnownFileType = sourcecode.swift; name = ArcadeDetailScreen.swift; path = Otoge/Features/ArcadeDetail/ArcadeDetailScreen.swift; sourceTree = SOURCE_ROOT; };
		A6A5BB1F2BD2CC09002B6970 /* ArcadeGameCell.swift */ = {isa = PBXFileReference; lastKnownFileType = sourcecode.swift; name = ArcadeGameCell.swift; path = Otoge/Features/ArcadeDetail/Views/ArcadeGameCell.swift; sourceTree = SOURCE_ROOT; };
		A6A5BB212BD2DF90002B6970 /* Info.plist */ = {isa = PBXFileReference; lastKnownFileType = text.plist; name = Info.plist; path = Otoge/Info.plist; sourceTree = "<group>"; };
		A6A5BB262BD2F8C9002B6970 /* SearchFeature.swift */ = {isa = PBXFileReference; lastKnownFileType = sourcecode.swift; name = SearchFeature.swift; path = Otoge/Features/Search/SearchFeature.swift; sourceTree = SOURCE_ROOT; };
		A6A5BB2A2BD2F933002B6970 /* SearchScreen.swift */ = {isa = PBXFileReference; lastKnownFileType = sourcecode.swift; name = SearchScreen.swift; path = Otoge/Features/Search/SearchScreen.swift; sourceTree = SOURCE_ROOT; };
		A6A5BB2D2BD32C7D002B6970 /* SearchResultScreen.swift */ = {isa = PBXFileReference; lastKnownFileType = sourcecode.swift; name = SearchResultScreen.swift; path = Otoge/Features/SearchResult/SearchResultScreen.swift; sourceTree = SOURCE_ROOT; };
		A6A5BB2F2BD32C84002B6970 /* SearchResultFeature.swift */ = {isa = PBXFileReference; lastKnownFileType = sourcecode.swift; name = SearchResultFeature.swift; path = Otoge/Features/SearchResult/SearchResultFeature.swift; sourceTree = SOURCE_ROOT; };
		A6A5BB322BD38E54002B6970 /* LocalSearchRepository.swift */ = {isa = PBXFileReference; lastKnownFileType = sourcecode.swift; name = LocalSearchRepository.swift; path = Otoge/Repositories/LocalSearch/LocalSearchRepository.swift; sourceTree = SOURCE_ROOT; };
		A6A5BB342BD3948E002B6970 /* Dependencies.swift */ = {isa = PBXFileReference; lastKnownFileType = sourcecode.swift; name = Dependencies.swift; path = Otoge/Dependencies.swift; sourceTree = SOURCE_ROOT; };
		A6A5BB392BD3B997002B6970 /* ArcadeCell.swift */ = {isa = PBXFileReference; lastKnownFileType = sourcecode.swift; name = ArcadeCell.swift; path = Otoge/Features/SearchResult/Views/ArcadeCell.swift; sourceTree = SOURCE_ROOT; };
		A6A5BB3E2BD43877002B6970 /* Nabla.ttf */ = {isa = PBXFileReference; lastKnownFileType = file; path = Nabla.ttf; sourceTree = "<group>"; };
/* End PBXFileReference section */

/* Begin PBXFrameworksBuildPhase section */
		A67CD0BB2BD28430009E4C8E /* Frameworks */ = {
			isa = PBXFrameworksBuildPhase;
			buildActionMask = 2147483647;
			files = (
				A6A5BB242BD2E18F002B6970 /* ComposableCoreLocation in Frameworks */,
				A67CD0EE2BD2855D009E4C8E /* ComposableArchitecture in Frameworks */,
				A62E8F1E2BD2934100B9DCE1 /* Alamofire in Frameworks */,
			);
			runOnlyForDeploymentPostprocessing = 0;
		};
		A67CD0CC2BD28432009E4C8E /* Frameworks */ = {
			isa = PBXFrameworksBuildPhase;
			buildActionMask = 2147483647;
			files = (
			);
			runOnlyForDeploymentPostprocessing = 0;
		};
		A67CD0D62BD28432009E4C8E /* Frameworks */ = {
			isa = PBXFrameworksBuildPhase;
			buildActionMask = 2147483647;
			files = (
			);
			runOnlyForDeploymentPostprocessing = 0;
		};
/* End PBXFrameworksBuildPhase section */

/* Begin PBXGroup section */
		A62E8F142BD2908700B9DCE1 /* Repositories */ = {
			isa = PBXGroup;
			children = (
				A6A5BB312BD38E40002B6970 /* LocalSearch */,
				A62E8F212BD293B800B9DCE1 /* Arcade */,
			);
			path = Repositories;
			sourceTree = "<group>";
		};
		A62E8F152BD2908E00B9DCE1 /* Entities */ = {
			isa = PBXGroup;
			children = (
				A62E8F162BD290AD00B9DCE1 /* Arcade.swift */,
				A62E8F182BD290CA00B9DCE1 /* Location.swift */,
				A62E8F1A2BD291CE00B9DCE1 /* Game.swift */,
				A62E8F292BD2978C00B9DCE1 /* ArcadeBrand.swift */,
			);
			path = Entities;
			sourceTree = "<group>";
		};
		A62E8F212BD293B800B9DCE1 /* Arcade */ = {
			isa = PBXGroup;
			children = (
				A62E8F242BD2961300B9DCE1 /* Models */,
				A62E8F1F2BD2935900B9DCE1 /* ArcadeRepository.swift */,
				A62E8F222BD293C900B9DCE1 /* OtogeAppArcadeRepository.swift */,
			);
			path = Arcade;
			sourceTree = "<group>";
		};
		A62E8F242BD2961300B9DCE1 /* Models */ = {
			isa = PBXGroup;
			children = (
				A62E8F252BD296B300B9DCE1 /* OtogeArcade.swift */,
				A62E8F272BD2975600B9DCE1 /* OtogeCabinet.swift */,
			);
			path = Models;
			sourceTree = "<group>";
		};
		A67CD0B52BD28430009E4C8E = {
			isa = PBXGroup;
			children = (
				A6A5BB212BD2DF90002B6970 /* Info.plist */,
				A67CD0C02BD28430009E4C8E /* otoge */,
				A67CD0D22BD28432009E4C8E /* OtogeTests */,
				A67CD0DC2BD28432009E4C8E /* OtogeUITests */,
				A67CD0BF2BD28430009E4C8E /* Products */,
			);
			sourceTree = "<group>";
		};
		A67CD0BF2BD28430009E4C8E /* Products */ = {
			isa = PBXGroup;
			children = (
				A67CD0BE2BD28430009E4C8E /* Otoge.app */,
				A67CD0CF2BD28432009E4C8E /* OtogeTests.xctest */,
				A67CD0D92BD28432009E4C8E /* OtogeUITests.xctest */,
			);
			name = Products;
			sourceTree = "<group>";
		};
		A67CD0C02BD28430009E4C8E /* otoge */ = {
			isa = PBXGroup;
			children = (
				A6A5BB3B2BD436BF002B6970 /* Resources */,
				A62E8F152BD2908E00B9DCE1 /* Entities */,
				A62E8F142BD2908700B9DCE1 /* Repositories */,
				A67CD0EF2BD285FA009E4C8E /* Features */,
				A67CD0C72BD28432009E4C8E /* otoge.entitlements */,
				A67CD0C82BD28432009E4C8E /* Preview Content */,
				A62E8F122BD288DA00B9DCE1 /* MainApp.swift */,
				A6A5BB342BD3948E002B6970 /* Dependencies.swift */,
			);
			path = otoge;
			sourceTree = "<group>";
		};
		A67CD0C82BD28432009E4C8E /* Preview Content */ = {
			isa = PBXGroup;
			children = (
				A67CD0C92BD28432009E4C8E /* Preview Assets.xcassets */,
			);
			path = "Preview Content";
			sourceTree = "<group>";
		};
		A67CD0D22BD28432009E4C8E /* OtogeTests */ = {
			isa = PBXGroup;
			children = (
				A67CD0D32BD28432009E4C8E /* OtogeTests.swift */,
			);
			path = OtogeTests;
			sourceTree = "<group>";
		};
		A67CD0DC2BD28432009E4C8E /* OtogeUITests */ = {
			isa = PBXGroup;
			children = (
				A67CD0DD2BD28432009E4C8E /* OtogeUITests.swift */,
				A67CD0DF2BD28432009E4C8E /* OtogeUITestsLaunchTests.swift */,
			);
			path = OtogeUITests;
			sourceTree = "<group>";
		};
		A67CD0EF2BD285FA009E4C8E /* Features */ = {
			isa = PBXGroup;
			children = (
				A6A5BB2C2BD32C71002B6970 /* SearchResult */,
				A6A5BB252BD2F8B9002B6970 /* Search */,
				A6A5BB172BD2B590002B6970 /* ArcadeDetail */,
				A67CD0F02BD28600009E4C8E /* Home */,
			);
			path = Features;
			sourceTree = "<group>";
		};
		A67CD0F02BD28600009E4C8E /* Home */ = {
			isa = PBXGroup;
			children = (
				A67CD0F12BD28611009E4C8E /* HomeScreen.swift */,
				A67CD0F32BD28618009E4C8E /* HomeFeature.swift */,
			);
			path = Home;
			sourceTree = "<group>";
		};
		A6A5BB172BD2B590002B6970 /* ArcadeDetail */ = {
			isa = PBXGroup;
			children = (
				A6A5BB1E2BD2CBF9002B6970 /* Views */,
				A6A5BB182BD2B59A002B6970 /* ArcadeDetailFeature.swift */,
				A6A5BB1C2BD2B68B002B6970 /* ArcadeDetailScreen.swift */,
			);
			path = ArcadeDetail;
			sourceTree = "<group>";
		};
		A6A5BB1E2BD2CBF9002B6970 /* Views */ = {
			isa = PBXGroup;
			children = (
				A6A5BB1F2BD2CC09002B6970 /* ArcadeGameCell.swift */,
			);
			path = Views;
			sourceTree = "<group>";
		};
		A6A5BB252BD2F8B9002B6970 /* Search */ = {
			isa = PBXGroup;
			children = (
				A6A5BB262BD2F8C9002B6970 /* SearchFeature.swift */,
				A6A5BB2A2BD2F933002B6970 /* SearchScreen.swift */,
			);
			path = Search;
			sourceTree = "<group>";
		};
		A6A5BB2C2BD32C71002B6970 /* SearchResult */ = {
			isa = PBXGroup;
			children = (
				A6A5BB362BD3B96E002B6970 /* Views */,
				A6A5BB2D2BD32C7D002B6970 /* SearchResultScreen.swift */,
				A6A5BB2F2BD32C84002B6970 /* SearchResultFeature.swift */,
			);
			path = SearchResult;
			sourceTree = "<group>";
		};
		A6A5BB312BD38E40002B6970 /* LocalSearch */ = {
			isa = PBXGroup;
			children = (
				A6A5BB322BD38E54002B6970 /* LocalSearchRepository.swift */,
			);
			path = LocalSearch;
			sourceTree = "<group>";
		};
		A6A5BB362BD3B96E002B6970 /* Views */ = {
			isa = PBXGroup;
			children = (
				A6A5BB392BD3B997002B6970 /* ArcadeCell.swift */,
			);
			path = Views;
			sourceTree = "<group>";
		};
		A6A5BB3B2BD436BF002B6970 /* Resources */ = {
			isa = PBXGroup;
			children = (
				A67CD0C52BD28432009E4C8E /* Assets.xcassets */,
				A6A5BB3E2BD43877002B6970 /* Nabla.ttf */,
			);
			path = Resources;
			sourceTree = "<group>";
		};
/* End PBXGroup section */

/* Begin PBXNativeTarget section */
		A67CD0BD2BD28430009E4C8E /* Otoge */ = {
			isa = PBXNativeTarget;
			buildConfigurationList = A67CD0E32BD28432009E4C8E /* Build configuration list for PBXNativeTarget "Otoge" */;
			buildPhases = (
				A67CD0BA2BD28430009E4C8E /* Sources */,
				A67CD0BB2BD28430009E4C8E /* Frameworks */,
				A67CD0BC2BD28430009E4C8E /* Resources */,
			);
			buildRules = (
			);
			dependencies = (
			);
			name = Otoge;
			packageProductDependencies = (
				A67CD0ED2BD2855D009E4C8E /* ComposableArchitecture */,
				A62E8F1D2BD2934100B9DCE1 /* Alamofire */,
				A6A5BB232BD2E18F002B6970 /* ComposableCoreLocation */,
			);
			productName = otoge;
			productReference = A67CD0BE2BD28430009E4C8E /* Otoge.app */;
			productType = "com.apple.product-type.application";
		};
		A67CD0CE2BD28432009E4C8E /* OtogeTests */ = {
			isa = PBXNativeTarget;
			buildConfigurationList = A67CD0E62BD28432009E4C8E /* Build configuration list for PBXNativeTarget "OtogeTests" */;
			buildPhases = (
				A67CD0CB2BD28432009E4C8E /* Sources */,
				A67CD0CC2BD28432009E4C8E /* Frameworks */,
				A67CD0CD2BD28432009E4C8E /* Resources */,
			);
			buildRules = (
			);
			dependencies = (
				A67CD0D12BD28432009E4C8E /* PBXTargetDependency */,
			);
			name = OtogeTests;
			productName = otogeTests;
			productReference = A67CD0CF2BD28432009E4C8E /* OtogeTests.xctest */;
			productType = "com.apple.product-type.bundle.unit-test";
		};
		A67CD0D82BD28432009E4C8E /* OtogeUITests */ = {
			isa = PBXNativeTarget;
			buildConfigurationList = A67CD0E92BD28432009E4C8E /* Build configuration list for PBXNativeTarget "OtogeUITests" */;
			buildPhases = (
				A67CD0D52BD28432009E4C8E /* Sources */,
				A67CD0D62BD28432009E4C8E /* Frameworks */,
				A67CD0D72BD28432009E4C8E /* Resources */,
			);
			buildRules = (
			);
			dependencies = (
				A67CD0DB2BD28432009E4C8E /* PBXTargetDependency */,
			);
			name = OtogeUITests;
			productName = otogeUITests;
			productReference = A67CD0D92BD28432009E4C8E /* OtogeUITests.xctest */;
			productType = "com.apple.product-type.bundle.ui-testing";
		};
/* End PBXNativeTarget section */

/* Begin PBXProject section */
		A67CD0B62BD28430009E4C8E /* Project object */ = {
			isa = PBXProject;
			attributes = {
				BuildIndependentTargetsInParallel = 1;
				LastSwiftUpdateCheck = 1530;
				LastUpgradeCheck = 1530;
				TargetAttributes = {
					A67CD0BD2BD28430009E4C8E = {
						CreatedOnToolsVersion = 15.3;
					};
					A67CD0CE2BD28432009E4C8E = {
						CreatedOnToolsVersion = 15.3;
						TestTargetID = A67CD0BD2BD28430009E4C8E;
					};
					A67CD0D82BD28432009E4C8E = {
						CreatedOnToolsVersion = 15.3;
						TestTargetID = A67CD0BD2BD28430009E4C8E;
					};
				};
			};
			buildConfigurationList = A67CD0B92BD28430009E4C8E /* Build configuration list for PBXProject "Otoge" */;
			compatibilityVersion = "Xcode 14.0";
			developmentRegion = en;
			hasScannedForEncodings = 0;
			knownRegions = (
				en,
				Base,
			);
			mainGroup = A67CD0B52BD28430009E4C8E;
			packageReferences = (
				A67CD0EC2BD2855D009E4C8E /* XCRemoteSwiftPackageReference "swift-composable-architecture" */,
				A62E8F1C2BD2934000B9DCE1 /* XCRemoteSwiftPackageReference "Alamofire" */,
				A6A5BB222BD2E18F002B6970 /* XCRemoteSwiftPackageReference "composable-core-location" */,
			);
			productRefGroup = A67CD0BF2BD28430009E4C8E /* Products */;
			projectDirPath = "";
			projectRoot = "";
			targets = (
				A67CD0BD2BD28430009E4C8E /* Otoge */,
				A67CD0CE2BD28432009E4C8E /* OtogeTests */,
				A67CD0D82BD28432009E4C8E /* OtogeUITests */,
			);
		};
/* End PBXProject section */

/* Begin PBXResourcesBuildPhase section */
		A67CD0BC2BD28430009E4C8E /* Resources */ = {
			isa = PBXResourcesBuildPhase;
			buildActionMask = 2147483647;
			files = (
				A6A5BB3F2BD43877002B6970 /* Nabla.ttf in Resources */,
				A67CD0CA2BD28432009E4C8E /* Preview Assets.xcassets in Resources */,
				A67CD0C62BD28432009E4C8E /* Assets.xcassets in Resources */,
			);
			runOnlyForDeploymentPostprocessing = 0;
		};
		A67CD0CD2BD28432009E4C8E /* Resources */ = {
			isa = PBXResourcesBuildPhase;
			buildActionMask = 2147483647;
			files = (
			);
			runOnlyForDeploymentPostprocessing = 0;
		};
		A67CD0D72BD28432009E4C8E /* Resources */ = {
			isa = PBXResourcesBuildPhase;
			buildActionMask = 2147483647;
			files = (
			);
			runOnlyForDeploymentPostprocessing = 0;
		};
/* End PBXResourcesBuildPhase section */

/* Begin PBXSourcesBuildPhase section */
		A67CD0BA2BD28430009E4C8E /* Sources */ = {
			isa = PBXSourcesBuildPhase;
			buildActionMask = 2147483647;
			files = (
				A62E8F232BD293C900B9DCE1 /* OtogeAppArcadeRepository.swift in Sources */,
				A6A5BB202BD2CC09002B6970 /* ArcadeGameCell.swift in Sources */,
				A62E8F132BD288DA00B9DCE1 /* MainApp.swift in Sources */,
				A6A5BB2B2BD2F933002B6970 /* SearchScreen.swift in Sources */,
				A62E8F2A2BD2978C00B9DCE1 /* ArcadeBrand.swift in Sources */,
				A6A5BB1D2BD2B68B002B6970 /* ArcadeDetailScreen.swift in Sources */,
				A62E8F1B2BD291CE00B9DCE1 /* Game.swift in Sources */,
				A62E8F262BD296B300B9DCE1 /* OtogeArcade.swift in Sources */,
				A6A5BB352BD3948E002B6970 /* Dependencies.swift in Sources */,
				A67CD0F22BD28611009E4C8E /* HomeScreen.swift in Sources */,
				A6A5BB272BD2F8C9002B6970 /* SearchFeature.swift in Sources */,
				A62E8F192BD290CA00B9DCE1 /* Location.swift in Sources */,
				A6A5BB192BD2B59A002B6970 /* ArcadeDetailFeature.swift in Sources */,
				A62E8F202BD2935900B9DCE1 /* ArcadeRepository.swift in Sources */,
				A6A5BB332BD38E54002B6970 /* LocalSearchRepository.swift in Sources */,
				A6A5BB302BD32C84002B6970 /* SearchResultFeature.swift in Sources */,
				A67CD0F42BD28618009E4C8E /* HomeFeature.swift in Sources */,
				A62E8F172BD290AD00B9DCE1 /* Arcade.swift in Sources */,
				A6A5BB3A2BD3B997002B6970 /* ArcadeCell.swift in Sources */,
				A6A5BB2E2BD32C7D002B6970 /* SearchResultScreen.swift in Sources */,
				A62E8F282BD2975600B9DCE1 /* OtogeCabinet.swift in Sources */,
			);
			runOnlyForDeploymentPostprocessing = 0;
		};
		A67CD0CB2BD28432009E4C8E /* Sources */ = {
			isa = PBXSourcesBuildPhase;
			buildActionMask = 2147483647;
			files = (
				A67CD0D42BD28432009E4C8E /* OtogeTests.swift in Sources */,
			);
			runOnlyForDeploymentPostprocessing = 0;
		};
		A67CD0D52BD28432009E4C8E /* Sources */ = {
			isa = PBXSourcesBuildPhase;
			buildActionMask = 2147483647;
			files = (
				A67CD0DE2BD28432009E4C8E /* OtogeUITests.swift in Sources */,
				A67CD0E02BD28432009E4C8E /* OtogeUITestsLaunchTests.swift in Sources */,
			);
			runOnlyForDeploymentPostprocessing = 0;
		};
/* End PBXSourcesBuildPhase section */

/* Begin PBXTargetDependency section */
		A67CD0D12BD28432009E4C8E /* PBXTargetDependency */ = {
			isa = PBXTargetDependency;
			target = A67CD0BD2BD28430009E4C8E /* Otoge */;
			targetProxy = A67CD0D02BD28432009E4C8E /* PBXContainerItemProxy */;
		};
		A67CD0DB2BD28432009E4C8E /* PBXTargetDependency */ = {
			isa = PBXTargetDependency;
			target = A67CD0BD2BD28430009E4C8E /* Otoge */;
			targetProxy = A67CD0DA2BD28432009E4C8E /* PBXContainerItemProxy */;
		};
/* End PBXTargetDependency section */

/* Begin XCBuildConfiguration section */
		A67CD0E12BD28432009E4C8E /* Debug */ = {
			isa = XCBuildConfiguration;
			buildSettings = {
				ALWAYS_SEARCH_USER_PATHS = NO;
				ASSETCATALOG_COMPILER_GENERATE_SWIFT_ASSET_SYMBOL_EXTENSIONS = YES;
				CLANG_ANALYZER_NONNULL = YES;
				CLANG_ANALYZER_NUMBER_OBJECT_CONVERSION = YES_AGGRESSIVE;
				CLANG_CXX_LANGUAGE_STANDARD = "gnu++20";
				CLANG_ENABLE_MODULES = YES;
				CLANG_ENABLE_OBJC_ARC = YES;
				CLANG_ENABLE_OBJC_WEAK = YES;
				CLANG_WARN_BLOCK_CAPTURE_AUTORELEASING = YES;
				CLANG_WARN_BOOL_CONVERSION = YES;
				CLANG_WARN_COMMA = YES;
				CLANG_WARN_CONSTANT_CONVERSION = YES;
				CLANG_WARN_DEPRECATED_OBJC_IMPLEMENTATIONS = YES;
				CLANG_WARN_DIRECT_OBJC_ISA_USAGE = YES_ERROR;
				CLANG_WARN_DOCUMENTATION_COMMENTS = YES;
				CLANG_WARN_EMPTY_BODY = YES;
				CLANG_WARN_ENUM_CONVERSION = YES;
				CLANG_WARN_INFINITE_RECURSION = YES;
				CLANG_WARN_INT_CONVERSION = YES;
				CLANG_WARN_NON_LITERAL_NULL_CONVERSION = YES;
				CLANG_WARN_OBJC_IMPLICIT_RETAIN_SELF = YES;
				CLANG_WARN_OBJC_LITERAL_CONVERSION = YES;
				CLANG_WARN_OBJC_ROOT_CLASS = YES_ERROR;
				CLANG_WARN_QUOTED_INCLUDE_IN_FRAMEWORK_HEADER = YES;
				CLANG_WARN_RANGE_LOOP_ANALYSIS = YES;
				CLANG_WARN_STRICT_PROTOTYPES = YES;
				CLANG_WARN_SUSPICIOUS_MOVE = YES;
				CLANG_WARN_UNGUARDED_AVAILABILITY = YES_AGGRESSIVE;
				CLANG_WARN_UNREACHABLE_CODE = YES;
				CLANG_WARN__DUPLICATE_METHOD_MATCH = YES;
				COPY_PHASE_STRIP = NO;
				DEBUG_INFORMATION_FORMAT = dwarf;
				ENABLE_STRICT_OBJC_MSGSEND = YES;
				ENABLE_TESTABILITY = YES;
				ENABLE_USER_SCRIPT_SANDBOXING = YES;
				GCC_C_LANGUAGE_STANDARD = gnu17;
				GCC_DYNAMIC_NO_PIC = NO;
				GCC_NO_COMMON_BLOCKS = YES;
				GCC_OPTIMIZATION_LEVEL = 0;
				GCC_PREPROCESSOR_DEFINITIONS = (
					"DEBUG=1",
					"$(inherited)",
				);
				GCC_WARN_64_TO_32_BIT_CONVERSION = YES;
				GCC_WARN_ABOUT_RETURN_TYPE = YES_ERROR;
				GCC_WARN_UNDECLARED_SELECTOR = YES;
				GCC_WARN_UNINITIALIZED_AUTOS = YES_AGGRESSIVE;
				GCC_WARN_UNUSED_FUNCTION = YES;
				GCC_WARN_UNUSED_VARIABLE = YES;
				LOCALIZATION_PREFERS_STRING_CATALOGS = YES;
				MTL_ENABLE_DEBUG_INFO = INCLUDE_SOURCE;
				MTL_FAST_MATH = YES;
				ONLY_ACTIVE_ARCH = YES;
				SWIFT_ACTIVE_COMPILATION_CONDITIONS = "DEBUG $(inherited)";
				SWIFT_OPTIMIZATION_LEVEL = "-Onone";
			};
			name = Debug;
		};
		A67CD0E22BD28432009E4C8E /* Release */ = {
			isa = XCBuildConfiguration;
			buildSettings = {
				ALWAYS_SEARCH_USER_PATHS = NO;
				ASSETCATALOG_COMPILER_GENERATE_SWIFT_ASSET_SYMBOL_EXTENSIONS = YES;
				CLANG_ANALYZER_NONNULL = YES;
				CLANG_ANALYZER_NUMBER_OBJECT_CONVERSION = YES_AGGRESSIVE;
				CLANG_CXX_LANGUAGE_STANDARD = "gnu++20";
				CLANG_ENABLE_MODULES = YES;
				CLANG_ENABLE_OBJC_ARC = YES;
				CLANG_ENABLE_OBJC_WEAK = YES;
				CLANG_WARN_BLOCK_CAPTURE_AUTORELEASING = YES;
				CLANG_WARN_BOOL_CONVERSION = YES;
				CLANG_WARN_COMMA = YES;
				CLANG_WARN_CONSTANT_CONVERSION = YES;
				CLANG_WARN_DEPRECATED_OBJC_IMPLEMENTATIONS = YES;
				CLANG_WARN_DIRECT_OBJC_ISA_USAGE = YES_ERROR;
				CLANG_WARN_DOCUMENTATION_COMMENTS = YES;
				CLANG_WARN_EMPTY_BODY = YES;
				CLANG_WARN_ENUM_CONVERSION = YES;
				CLANG_WARN_INFINITE_RECURSION = YES;
				CLANG_WARN_INT_CONVERSION = YES;
				CLANG_WARN_NON_LITERAL_NULL_CONVERSION = YES;
				CLANG_WARN_OBJC_IMPLICIT_RETAIN_SELF = YES;
				CLANG_WARN_OBJC_LITERAL_CONVERSION = YES;
				CLANG_WARN_OBJC_ROOT_CLASS = YES_ERROR;
				CLANG_WARN_QUOTED_INCLUDE_IN_FRAMEWORK_HEADER = YES;
				CLANG_WARN_RANGE_LOOP_ANALYSIS = YES;
				CLANG_WARN_STRICT_PROTOTYPES = YES;
				CLANG_WARN_SUSPICIOUS_MOVE = YES;
				CLANG_WARN_UNGUARDED_AVAILABILITY = YES_AGGRESSIVE;
				CLANG_WARN_UNREACHABLE_CODE = YES;
				CLANG_WARN__DUPLICATE_METHOD_MATCH = YES;
				COPY_PHASE_STRIP = NO;
				DEBUG_INFORMATION_FORMAT = "dwarf-with-dsym";
				ENABLE_NS_ASSERTIONS = NO;
				ENABLE_STRICT_OBJC_MSGSEND = YES;
				ENABLE_USER_SCRIPT_SANDBOXING = YES;
				GCC_C_LANGUAGE_STANDARD = gnu17;
				GCC_NO_COMMON_BLOCKS = YES;
				GCC_WARN_64_TO_32_BIT_CONVERSION = YES;
				GCC_WARN_ABOUT_RETURN_TYPE = YES_ERROR;
				GCC_WARN_UNDECLARED_SELECTOR = YES;
				GCC_WARN_UNINITIALIZED_AUTOS = YES_AGGRESSIVE;
				GCC_WARN_UNUSED_FUNCTION = YES;
				GCC_WARN_UNUSED_VARIABLE = YES;
				LOCALIZATION_PREFERS_STRING_CATALOGS = YES;
				MTL_ENABLE_DEBUG_INFO = NO;
				MTL_FAST_MATH = YES;
				SWIFT_COMPILATION_MODE = wholemodule;
			};
			name = Release;
		};
		A67CD0E42BD28432009E4C8E /* Debug */ = {
			isa = XCBuildConfiguration;
			buildSettings = {
				ASSETCATALOG_COMPILER_APPICON_NAME = AppIcon;
				ASSETCATALOG_COMPILER_GLOBAL_ACCENT_COLOR_NAME = AccentColor;
				CODE_SIGN_ENTITLEMENTS = otoge/otoge.entitlements;
				"CODE_SIGN_IDENTITY[sdk=macosx*]" = "Apple Development";
				CODE_SIGN_STYLE = Automatic;
				CURRENT_PROJECT_VERSION = 1;
				DEVELOPMENT_ASSET_PATHS = "\"otoge/Preview Content\"";
				DEVELOPMENT_TEAM = 8SE6CHAH5M;
				ENABLE_HARDENED_RUNTIME = YES;
				ENABLE_PREVIEWS = YES;
				GENERATE_INFOPLIST_FILE = YES;
				INFOPLIST_FILE = Otoge/Info.plist;
				INFOPLIST_KEY_CFBundleDisplayName = Otoge;
				INFOPLIST_KEY_LSApplicationCategoryType = "public.app-category.navigation";
				INFOPLIST_KEY_NSLocationWhenInUseUsageDescription = "We use your location to find otoge nearby";
				"INFOPLIST_KEY_UIApplicationSceneManifest_Generation[sdk=iphoneos*]" = YES;
				"INFOPLIST_KEY_UIApplicationSceneManifest_Generation[sdk=iphonesimulator*]" = YES;
				"INFOPLIST_KEY_UIApplicationSupportsIndirectInputEvents[sdk=iphoneos*]" = YES;
				"INFOPLIST_KEY_UIApplicationSupportsIndirectInputEvents[sdk=iphonesimulator*]" = YES;
				"INFOPLIST_KEY_UILaunchScreen_Generation[sdk=iphoneos*]" = YES;
				"INFOPLIST_KEY_UILaunchScreen_Generation[sdk=iphonesimulator*]" = YES;
				"INFOPLIST_KEY_UIStatusBarStyle[sdk=iphoneos*]" = UIStatusBarStyleDefault;
				"INFOPLIST_KEY_UIStatusBarStyle[sdk=iphonesimulator*]" = UIStatusBarStyleDefault;
				INFOPLIST_KEY_UISupportedInterfaceOrientations = UIInterfaceOrientationPortrait;
				INFOPLIST_KEY_UISupportedInterfaceOrientations_iPad = "UIInterfaceOrientationLandscapeLeft UIInterfaceOrientationLandscapeRight UIInterfaceOrientationPortrait UIInterfaceOrientationPortraitUpsideDown";
				IPHONEOS_DEPLOYMENT_TARGET = 17.0;
				LD_RUNPATH_SEARCH_PATHS = "@executable_path/Frameworks";
				"LD_RUNPATH_SEARCH_PATHS[sdk=macosx*]" = "@executable_path/../Frameworks";
				MACOSX_DEPLOYMENT_TARGET = 14.0;
				MARKETING_VERSION = 1.0;
				PRODUCT_BUNDLE_IDENTIFIER = com.senacand.otoge;
				PRODUCT_NAME = "$(TARGET_NAME)";
				SDKROOT = auto;
				SUPPORTED_PLATFORMS = "iphoneos iphonesimulator macosx";
				SWIFT_EMIT_LOC_STRINGS = YES;
				SWIFT_VERSION = 5.0;
				TARGETED_DEVICE_FAMILY = "1,2";
			};
			name = Debug;
		};
		A67CD0E52BD28432009E4C8E /* Release */ = {
			isa = XCBuildConfiguration;
			buildSettings = {
				ASSETCATALOG_COMPILER_APPICON_NAME = AppIcon;
				ASSETCATALOG_COMPILER_GLOBAL_ACCENT_COLOR_NAME = AccentColor;
				CODE_SIGN_ENTITLEMENTS = otoge/otoge.entitlements;
				"CODE_SIGN_IDENTITY[sdk=macosx*]" = "Apple Development";
				CODE_SIGN_STYLE = Automatic;
				CURRENT_PROJECT_VERSION = 1;
				DEVELOPMENT_ASSET_PATHS = "\"otoge/Preview Content\"";
				DEVELOPMENT_TEAM = 8SE6CHAH5M;
				ENABLE_HARDENED_RUNTIME = YES;
				ENABLE_PREVIEWS = YES;
				GENERATE_INFOPLIST_FILE = YES;
				INFOPLIST_FILE = Otoge/Info.plist;
				INFOPLIST_KEY_CFBundleDisplayName = Otoge;
				INFOPLIST_KEY_LSApplicationCategoryType = "public.app-category.navigation";
				INFOPLIST_KEY_NSLocationWhenInUseUsageDescription = "We use your location to find otoge nearby";
				"INFOPLIST_KEY_UIApplicationSceneManifest_Generation[sdk=iphoneos*]" = YES;
				"INFOPLIST_KEY_UIApplicationSceneManifest_Generation[sdk=iphonesimulator*]" = YES;
				"INFOPLIST_KEY_UIApplicationSupportsIndirectInputEvents[sdk=iphoneos*]" = YES;
				"INFOPLIST_KEY_UIApplicationSupportsIndirectInputEvents[sdk=iphonesimulator*]" = YES;
				"INFOPLIST_KEY_UILaunchScreen_Generation[sdk=iphoneos*]" = YES;
				"INFOPLIST_KEY_UILaunchScreen_Generation[sdk=iphonesimulator*]" = YES;
				"INFOPLIST_KEY_UIStatusBarStyle[sdk=iphoneos*]" = UIStatusBarStyleDefault;
				"INFOPLIST_KEY_UIStatusBarStyle[sdk=iphonesimulator*]" = UIStatusBarStyleDefault;
				INFOPLIST_KEY_UISupportedInterfaceOrientations = UIInterfaceOrientationPortrait;
				INFOPLIST_KEY_UISupportedInterfaceOrientations_iPad = "UIInterfaceOrientationLandscapeLeft UIInterfaceOrientationLandscapeRight UIInterfaceOrientationPortrait UIInterfaceOrientationPortraitUpsideDown";
				IPHONEOS_DEPLOYMENT_TARGET = 17.0;
				LD_RUNPATH_SEARCH_PATHS = "@executable_path/Frameworks";
				"LD_RUNPATH_SEARCH_PATHS[sdk=macosx*]" = "@executable_path/../Frameworks";
				MACOSX_DEPLOYMENT_TARGET = 14.0;
				MARKETING_VERSION = 1.0;
				PRODUCT_BUNDLE_IDENTIFIER = com.senacand.otoge;
				PRODUCT_NAME = "$(TARGET_NAME)";
				SDKROOT = auto;
				SUPPORTED_PLATFORMS = "iphoneos iphonesimulator macosx";
				SWIFT_EMIT_LOC_STRINGS = YES;
				SWIFT_VERSION = 5.0;
				TARGETED_DEVICE_FAMILY = "1,2";
			};
			name = Release;
		};
		A67CD0E72BD28432009E4C8E /* Debug */ = {
			isa = XCBuildConfiguration;
			buildSettings = {
				ALWAYS_EMBED_SWIFT_STANDARD_LIBRARIES = YES;
				BUNDLE_LOADER = "$(TEST_HOST)";
				CODE_SIGN_STYLE = Automatic;
				CURRENT_PROJECT_VERSION = 1;
				DEVELOPMENT_TEAM = 8SE6CHAH5M;
				GENERATE_INFOPLIST_FILE = YES;
				IPHONEOS_DEPLOYMENT_TARGET = 17.4;
				MACOSX_DEPLOYMENT_TARGET = 14.0;
				MARKETING_VERSION = 1.0;
				PRODUCT_BUNDLE_IDENTIFIER = com.senacand.otogeTests;
				PRODUCT_NAME = "$(TARGET_NAME)";
				SDKROOT = auto;
				SUPPORTED_PLATFORMS = "iphoneos iphonesimulator macosx";
				SWIFT_EMIT_LOC_STRINGS = NO;
				SWIFT_VERSION = 5.0;
				TARGETED_DEVICE_FAMILY = "1,2";
				TEST_HOST = "$(BUILT_PRODUCTS_DIR)/Otoge.app/$(BUNDLE_EXECUTABLE_FOLDER_PATH)/Otoge";
			};
			name = Debug;
		};
		A67CD0E82BD28432009E4C8E /* Release */ = {
			isa = XCBuildConfiguration;
			buildSettings = {
				ALWAYS_EMBED_SWIFT_STANDARD_LIBRARIES = YES;
				BUNDLE_LOADER = "$(TEST_HOST)";
				CODE_SIGN_STYLE = Automatic;
				CURRENT_PROJECT_VERSION = 1;
				DEVELOPMENT_TEAM = 8SE6CHAH5M;
				GENERATE_INFOPLIST_FILE = YES;
				IPHONEOS_DEPLOYMENT_TARGET = 17.4;
				MACOSX_DEPLOYMENT_TARGET = 14.0;
				MARKETING_VERSION = 1.0;
				PRODUCT_BUNDLE_IDENTIFIER = com.senacand.otogeTests;
				PRODUCT_NAME = "$(TARGET_NAME)";
				SDKROOT = auto;
				SUPPORTED_PLATFORMS = "iphoneos iphonesimulator macosx";
				SWIFT_EMIT_LOC_STRINGS = NO;
				SWIFT_VERSION = 5.0;
				TARGETED_DEVICE_FAMILY = "1,2";
				TEST_HOST = "$(BUILT_PRODUCTS_DIR)/Otoge.app/$(BUNDLE_EXECUTABLE_FOLDER_PATH)/Otoge";
			};
			name = Release;
		};
		A67CD0EA2BD28432009E4C8E /* Debug */ = {
			isa = XCBuildConfiguration;
			buildSettings = {
				ALWAYS_EMBED_SWIFT_STANDARD_LIBRARIES = YES;
				CODE_SIGN_STYLE = Automatic;
				CURRENT_PROJECT_VERSION = 1;
				DEVELOPMENT_TEAM = 8SE6CHAH5M;
				GENERATE_INFOPLIST_FILE = YES;
				IPHONEOS_DEPLOYMENT_TARGET = 17.4;
				MACOSX_DEPLOYMENT_TARGET = 14.0;
				MARKETING_VERSION = 1.0;
				PRODUCT_BUNDLE_IDENTIFIER = com.senacand.otogeUITests;
				PRODUCT_NAME = "$(TARGET_NAME)";
				SDKROOT = auto;
				SUPPORTED_PLATFORMS = "iphoneos iphonesimulator macosx";
				SWIFT_EMIT_LOC_STRINGS = NO;
				SWIFT_VERSION = 5.0;
				TARGETED_DEVICE_FAMILY = "1,2";
				TEST_TARGET_NAME = otoge;
			};
			name = Debug;
		};
		A67CD0EB2BD28432009E4C8E /* Release */ = {
			isa = XCBuildConfiguration;
			buildSettings = {
				ALWAYS_EMBED_SWIFT_STANDARD_LIBRARIES = YES;
				CODE_SIGN_STYLE = Automatic;
				CURRENT_PROJECT_VERSION = 1;
				DEVELOPMENT_TEAM = 8SE6CHAH5M;
				GENERATE_INFOPLIST_FILE = YES;
				IPHONEOS_DEPLOYMENT_TARGET = 17.4;
				MACOSX_DEPLOYMENT_TARGET = 14.0;
				MARKETING_VERSION = 1.0;
				PRODUCT_BUNDLE_IDENTIFIER = com.senacand.otogeUITests;
				PRODUCT_NAME = "$(TARGET_NAME)";
				SDKROOT = auto;
				SUPPORTED_PLATFORMS = "iphoneos iphonesimulator macosx";
				SWIFT_EMIT_LOC_STRINGS = NO;
				SWIFT_VERSION = 5.0;
				TARGETED_DEVICE_FAMILY = "1,2";
				TEST_TARGET_NAME = otoge;
			};
			name = Release;
		};
/* End XCBuildConfiguration section */

/* Begin XCConfigurationList section */
		A67CD0B92BD28430009E4C8E /* Build configuration list for PBXProject "Otoge" */ = {
			isa = XCConfigurationList;
			buildConfigurations = (
				A67CD0E12BD28432009E4C8E /* Debug */,
				A67CD0E22BD28432009E4C8E /* Release */,
			);
			defaultConfigurationIsVisible = 0;
			defaultConfigurationName = Release;
		};
		A67CD0E32BD28432009E4C8E /* Build configuration list for PBXNativeTarget "Otoge" */ = {
			isa = XCConfigurationList;
			buildConfigurations = (
				A67CD0E42BD28432009E4C8E /* Debug */,
				A67CD0E52BD28432009E4C8E /* Release */,
			);
			defaultConfigurationIsVisible = 0;
			defaultConfigurationName = Release;
		};
		A67CD0E62BD28432009E4C8E /* Build configuration list for PBXNativeTarget "OtogeTests" */ = {
			isa = XCConfigurationList;
			buildConfigurations = (
				A67CD0E72BD28432009E4C8E /* Debug */,
				A67CD0E82BD28432009E4C8E /* Release */,
			);
			defaultConfigurationIsVisible = 0;
			defaultConfigurationName = Release;
		};
		A67CD0E92BD28432009E4C8E /* Build configuration list for PBXNativeTarget "OtogeUITests" */ = {
			isa = XCConfigurationList;
			buildConfigurations = (
				A67CD0EA2BD28432009E4C8E /* Debug */,
				A67CD0EB2BD28432009E4C8E /* Release */,
			);
			defaultConfigurationIsVisible = 0;
			defaultConfigurationName = Release;
		};
/* End XCConfigurationList section */

/* Begin XCRemoteSwiftPackageReference section */
		A62E8F1C2BD2934000B9DCE1 /* XCRemoteSwiftPackageReference "Alamofire" */ = {
			isa = XCRemoteSwiftPackageReference;
			repositoryURL = "https://github.com/Alamofire/Alamofire.git";
			requirement = {
				kind = upToNextMajorVersion;
				minimumVersion = 5.9.1;
			};
		};
		A67CD0EC2BD2855D009E4C8E /* XCRemoteSwiftPackageReference "swift-composable-architecture" */ = {
			isa = XCRemoteSwiftPackageReference;
			repositoryURL = "https://github.com/pointfreeco/swift-composable-architecture";
			requirement = {
				kind = upToNextMajorVersion;
				minimumVersion = 1.9.3;
			};
		};
		A6A5BB222BD2E18F002B6970 /* XCRemoteSwiftPackageReference "composable-core-location" */ = {
			isa = XCRemoteSwiftPackageReference;
			repositoryURL = "https://github.com/senacand/composable-core-location.git";
			requirement = {
				branch = "swift-concurrency";
				kind = branch;
			};
		};
/* End XCRemoteSwiftPackageReference section */

/* Begin XCSwiftPackageProductDependency section */
		A62E8F1D2BD2934100B9DCE1 /* Alamofire */ = {
			isa = XCSwiftPackageProductDependency;
			package = A62E8F1C2BD2934000B9DCE1 /* XCRemoteSwiftPackageReference "Alamofire" */;
			productName = Alamofire;
		};
		A67CD0ED2BD2855D009E4C8E /* ComposableArchitecture */ = {
			isa = XCSwiftPackageProductDependency;
			package = A67CD0EC2BD2855D009E4C8E /* XCRemoteSwiftPackageReference "swift-composable-architecture" */;
			productName = ComposableArchitecture;
		};
		A6A5BB232BD2E18F002B6970 /* ComposableCoreLocation */ = {
			isa = XCSwiftPackageProductDependency;
			package = A6A5BB222BD2E18F002B6970 /* XCRemoteSwiftPackageReference "composable-core-location" */;
			productName = ComposableCoreLocation;
		};
/* End XCSwiftPackageProductDependency section */
	};
	rootObject = A67CD0B62BD28430009E4C8E /* Project object */;
}
